
Microsoft Visual Studio Solution File, Format Version 12.00
# Visual Studio 2012
Project("{FAE04EC0-301F-11D3-BF4B-00C04F79EFBC}") = "Heima8.OA.Model", "Heima8.OA.Model\Heima8.OA.Model.csproj", "{8BD004CF-E9C2-464A-B723-AD6B027947EC}"
EndProject
Project("{FAE04EC0-301F-11D3-BF4B-00C04F79EFBC}") = "Heima8.OA.EFDAL", "Heima8.OA.DAL\Heima8.OA.EFDAL.csproj", "{185D2CC7-BE04-460B-B402-C22F34F667BD}"
EndProject
Project("{FAE04EC0-301F-11D3-BF4B-00C04F79EFBC}") = "Heima8.OA.BLL", "Heima8.OA.BLL\Heima8.OA.BLL.csproj", "{C5B197A1-69A0-463F-9817-3F890CC9BDD9}"
EndProject
Project("{FAE04EC0-301F-11D3-BF4B-00C04F79EFBC}") = "Heima8.OA.Common", "Heima8.OA.Common\Heima8.OA.Common.csproj", "{C8641DE4-3626-4136-8B40-E91EBCBE695F}"
EndProject
Project("{FAE04EC0-301F-11D3-BF4B-00C04F79EFBC}") = "Heima8.OA.UI.Portal", "Heima8.OA.UI.Portal\Heima8.OA.UI.Portal.csproj", "{376E0117-D033-49B2-A803-8D6A7563B386}"
EndProject
Project("{FAE04EC0-301F-11D3-BF4B-00C04F79EFBC}") = "Heima8.OA.UnitTest", "Heima8.OA.UnitTest\Heima8.OA.UnitTest.csproj", "{FBB51423-9E00-4A87-92B1-149BB3CFBA69}"
EndProject
Project("{FAE04EC0-301F-11D3-BF4B-00C04F79EFBC}") = "Heima8.OA.IDAL", "Heima8.OA.IDAL\Heima8.OA.IDAL.csproj", "{6F0FA0B1-2120-4648-9684-4AE3E85F42AB}"
EndProject
Project("{FAE04EC0-301F-11D3-BF4B-00C04F79EFBC}") = "Heima8.OA.NHDAL", "Heima8.OA.NHDAL\Heima8.OA.NHDAL.csproj", "{4CE69FEB-E417-455A-B632-5A18D2C48EB9}"
EndProject
Project("{FAE04EC0-301F-11D3-BF4B-00C04F79EFBC}") = "Heima8.OA.DALFactory", "Heima8.OA.DALFactory\Heima8.OA.DALFactory.csproj", "{643C55B3-7576-4C07-AB88-FDEC5B23E394}"
EndProject
Project("{FAE04EC0-301F-11D3-BF4B-00C04F79EFBC}") = "Heima8.OA.IBLL", "Heima8.OA.IBLL\Heima8.OA.IBLL.csproj", "{A9367ED0-906E-4C67-855E-6754117947DC}"
EndProject
Project("{2150E333-8FDC-42A3-9474-1A3956D46DE8}") = "DAL", "DAL", "{6865B503-83D3-410B-8BC9-847D31A196DA}"
EndProject
Project("{2150E333-8FDC-42A3-9474-1A3956D46DE8}") = "BLL", "BLL", "{57CFD0C1-0B31-4FD6-AC34-BA219D4D4C04}"
EndProject
Project("{2150E333-8FDC-42A3-9474-1A3956D46DE8}") = "UI", "UI", "{095612D6-4CFB-4F06-B1A8-5E5FF3D076C5}"
EndProject
Project("{2150E333-8FDC-42A3-9474-1A3956D46DE8}") = "Model", "Model", "{6BFC0B01-7283-4855-80D2-4BC4D837696A}"
EndProject
Project("{2150E333-8FDC-42A3-9474-1A3956D46DE8}") = "UnitTest", "UnitTest", "{AC95E73C-9F89-4CC3-B0B9-232E0D3D1981}"
EndProject
Project("{2150E333-8FDC-42A3-9474-1A3956D46DE8}") = "Common", "Common", "{8BCDF26C-7331-47C4-8455-9A8B3801DCDE}"
EndProject
Project("{2150E333-8FDC-42A3-9474-1A3956D46DE8}") = "Demo", "Demo", "{53FC4A94-0DFF-4FCF-ABEF-6793E4F2089D}"
EndProject
Project("{FAE04EC0-301F-11D3-BF4B-00C04F79EFBC}") = "MemCacheDemo", "MemCacheDemo\MemCacheDemo.csproj", "{28D2AC79-D3F9-4D6B-8631-01EB7510BDCC}"
EndProject
Project("{FAE04EC0-301F-11D3-BF4B-00C04F79EFBC}") = "SpringNetDemo", "SpringNetDemo\SpringNetDemo.csproj", "{A315C655-11C5-455B-B6C3-C46913FCE7B3}"
EndProject
Project("{FAE04EC0-301F-11D3-BF4B-00C04F79EFBC}") = "RadisDemo", "RadisDemo\RadisDemo.csproj", "{D4AF5D99-167E-4AF6-8D6B-3FF588964DCD}"
EndProject
Global
	GlobalSection(SolutionConfigurationPlatforms) = preSolution
		Debug|Any CPU = Debug|Any CPU
		Release|Any CPU = Release|Any CPU
	EndGlobalSection
	GlobalSection(ProjectConfigurationPlatforms) = postSolution
		{8BD004CF-E9C2-464A-B723-AD6B027947EC}.Debug|Any CPU.ActiveCfg = Debug|Any CPU
		{8BD004CF-E9C2-464A-B723-AD6B027947EC}.Debug|Any CPU.Build.0 = Debug|Any CPU
		{8BD004CF-E9C2-464A-B723-AD6B027947EC}.Release|Any CPU.ActiveCfg = Release|Any CPU
		{8BD004CF-E9C2-464A-B723-AD6B027947EC}.Release|Any CPU.Build.0 = Release|Any CPU
		{185D2CC7-BE04-460B-B402-C22F34F667BD}.Debug|Any CPU.ActiveCfg = Debug|Any CPU
		{185D2CC7-BE04-460B-B402-C22F34F667BD}.Debug|Any CPU.Build.0 = Debug|Any CPU
		{185D2CC7-BE04-460B-B402-C22F34F667BD}.Release|Any CPU.ActiveCfg = Release|Any CPU
		{185D2CC7-BE04-460B-B402-C22F34F667BD}.Release|Any CPU.Build.0 = Release|Any CPU
		{C5B197A1-69A0-463F-9817-3F890CC9BDD9}.Debug|Any CPU.ActiveCfg = Debug|Any CPU
		{C5B197A1-69A0-463F-9817-3F890CC9BDD9}.Debug|Any CPU.Build.0 = Debug|Any CPU
		{C5B197A1-69A0-463F-9817-3F890CC9BDD9}.Release|Any CPU.ActiveCfg = Release|Any CPU
		{C5B197A1-69A0-463F-9817-3F890CC9BDD9}.Release|Any CPU.Build.0 = Release|Any CPU
		{C8641DE4-3626-4136-8B40-E91EBCBE695F}.Debug|Any CPU.ActiveCfg = Debug|Any CPU
		{C8641DE4-3626-4136-8B40-E91EBCBE695F}.Debug|Any CPU.Build.0 = Debug|Any CPU
		{C8641DE4-3626-4136-8B40-E91EBCBE695F}.Release|Any CPU.ActiveCfg = Release|Any CPU
		{C8641DE4-3626-4136-8B40-E91EBCBE695F}.Release|Any CPU.Build.0 = Release|Any CPU
		{376E0117-D033-49B2-A803-8D6A7563B386}.Debug|Any CPU.ActiveCfg = Debug|Any CPU
		{376E0117-D033-49B2-A803-8D6A7563B386}.Debug|Any CPU.Build.0 = Debug|Any CPU
		{376E0117-D033-49B2-A803-8D6A7563B386}.Release|Any CPU.ActiveCfg = Release|Any CPU
		{376E0117-D033-49B2-A803-8D6A7563B386}.Release|Any CPU.Build.0 = Release|Any CPU
		{FBB51423-9E00-4A87-92B1-149BB3CFBA69}.Debug|Any CPU.ActiveCfg = Debug|Any CPU
		{FBB51423-9E00-4A87-92B1-149BB3CFBA69}.Debug|Any CPU.Build.0 = Debug|Any CPU
		{FBB51423-9E00-4A87-92B1-149BB3CFBA69}.Release|Any CPU.ActiveCfg = Release|Any CPU
		{FBB51423-9E00-4A87-92B1-149BB3CFBA69}.Release|Any CPU.Build.0 = Release|Any CPU
		{6F0FA0B1-2120-4648-9684-4AE3E85F42AB}.Debug|Any CPU.ActiveCfg = Debug|Any CPU
		{6F0FA0B1-2120-4648-9684-4AE3E85F42AB}.Debug|Any CPU.Build.0 = Debug|Any CPU
		{6F0FA0B1-2120-4648-9684-4AE3E85F42AB}.Release|Any CPU.ActiveCfg = Release|Any CPU
		{6F0FA0B1-2120-4648-9684-4AE3E85F42AB}.Release|Any CPU.Build.0 = Release|Any CPU
		{4CE69FEB-E417-455A-B632-5A18D2C48EB9}.Debug|Any CPU.ActiveCfg = Debug|Any CPU
		{4CE69FEB-E417-455A-B632-5A18D2C48EB9}.Debug|Any CPU.Build.0 = Debug|Any CPU
		{4CE69FEB-E417-455A-B632-5A18D2C48EB9}.Release|Any CPU.ActiveCfg = Release|Any CPU
		{4CE69FEB-E417-455A-B632-5A18D2C48EB9}.Release|Any CPU.Build.0 = Release|Any CPU
		{643C55B3-7576-4C07-AB88-FDEC5B23E394}.Debug|Any CPU.ActiveCfg = Debug|Any CPU
		{643C55B3-7576-4C07-AB88-FDEC5B23E394}.Debug|Any CPU.Build.0 = Debug|Any CPU
		{643C55B3-7576-4C07-AB88-FDEC5B23E394}.Release|Any CPU.ActiveCfg = Release|Any CPU
		{643C55B3-7576-4C07-AB88-FDEC5B23E394}.Release|Any CPU.Build.0 = Release|Any CPU
		{A9367ED0-906E-4C67-855E-6754117947DC}.Debug|Any CPU.ActiveCfg = Debug|Any CPU
		{A9367ED0-906E-4C67-855E-6754117947DC}.Debug|Any CPU.Build.0 = Debug|Any CPU
		{A9367ED0-906E-4C67-855E-6754117947DC}.Release|Any CPU.ActiveCfg = Release|Any CPU
		{A9367ED0-906E-4C67-855E-6754117947DC}.Release|Any CPU.Build.0 = Release|Any CPU
		{28D2AC79-D3F9-4D6B-8631-01EB7510BDCC}.Debug|Any CPU.ActiveCfg = Debug|Any CPU
		{28D2AC79-D3F9-4D6B-8631-01EB7510BDCC}.Debug|Any CPU.Build.0 = Debug|Any CPU
		{28D2AC79-D3F9-4D6B-8631-01EB7510BDCC}.Release|Any CPU.ActiveCfg = Release|Any CPU
		{28D2AC79-D3F9-4D6B-8631-01EB7510BDCC}.Release|Any CPU.Build.0 = Release|Any CPU
		{A315C655-11C5-455B-B6C3-C46913FCE7B3}.Debug|Any CPU.ActiveCfg = Debug|Any CPU
		{A315C655-11C5-455B-B6C3-C46913FCE7B3}.Debug|Any CPU.Build.0 = Debug|Any CPU
		{A315C655-11C5-455B-B6C3-C46913FCE7B3}.Release|Any CPU.ActiveCfg = Release|Any CPU
		{A315C655-11C5-455B-B6C3-C46913FCE7B3}.Release|Any CPU.Build.0 = Release|Any CPU
		{D4AF5D99-167E-4AF6-8D6B-3FF588964DCD}.Debug|Any CPU.ActiveCfg = Debug|Any CPU
		{D4AF5D99-167E-4AF6-8D6B-3FF588964DCD}.Debug|Any CPU.Build.0 = Debug|Any CPU
		{D4AF5D99-167E-4AF6-8D6B-3FF588964DCD}.Release|Any CPU.ActiveCfg = Release|Any CPU
		{D4AF5D99-167E-4AF6-8D6B-3FF588964DCD}.Release|Any CPU.Build.0 = Release|Any CPU
	EndGlobalSection
	GlobalSection(SolutionProperties) = preSolution
		HideSolutionNode = FALSE
	EndGlobalSection
	GlobalSection(NestedProjects) = preSolution
		{8BD004CF-E9C2-464A-B723-AD6B027947EC} = {6BFC0B01-7283-4855-80D2-4BC4D837696A}
		{6F0FA0B1-2120-4648-9684-4AE3E85F42AB} = {6865B503-83D3-410B-8BC9-847D31A196DA}
		{4CE69FEB-E417-455A-B632-5A18D2C48EB9} = {6865B503-83D3-410B-8BC9-847D31A196DA}
		{643C55B3-7576-4C07-AB88-FDEC5B23E394} = {6865B503-83D3-410B-8BC9-847D31A196DA}
		{185D2CC7-BE04-460B-B402-C22F34F667BD} = {6865B503-83D3-410B-8BC9-847D31A196DA}
		{A9367ED0-906E-4C67-855E-6754117947DC} = {57CFD0C1-0B31-4FD6-AC34-BA219D4D4C04}
		{C5B197A1-69A0-463F-9817-3F890CC9BDD9} = {57CFD0C1-0B31-4FD6-AC34-BA219D4D4C04}
		{C8641DE4-3626-4136-8B40-E91EBCBE695F} = {8BCDF26C-7331-47C4-8455-9A8B3801DCDE}
		{376E0117-D033-49B2-A803-8D6A7563B386} = {095612D6-4CFB-4F06-B1A8-5E5FF3D076C5}
		{FBB51423-9E00-4A87-92B1-149BB3CFBA69} = {AC95E73C-9F89-4CC3-B0B9-232E0D3D1981}
		{28D2AC79-D3F9-4D6B-8631-01EB7510BDCC} = {53FC4A94-0DFF-4FCF-ABEF-6793E4F2089D}
		{A315C655-11C5-455B-B6C3-C46913FCE7B3} = {53FC4A94-0DFF-4FCF-ABEF-6793E4F2089D}
		{D4AF5D99-167E-4AF6-8D6B-3FF588964DCD} = {53FC4A94-0DFF-4FCF-ABEF-6793E4F2089D}
	EndGlobalSection
EndGlobal
